{
  "name": "smtp-tester",
  "version": "0.0.0",
  "lockfileVersion": 1,
  "requires": true,
  "dependencies": {
    "dotenv": {
      "version": "8.2.0",
      "resolved": "https://registry.npmjs.org/dotenv/-/dotenv-8.2.0.tgz",
      "integrity": "sha512-8sJ78ElpbDJBHNeBzUbUVLsqKdccaa/BXF1uPTw3GrvQTBgrQrtObr2mUrE38vzYd8cEv+m/JBfDLioYcfXoaw=="
    },
    "nodemailer": {
      "version": "6.4.15",
      "resolved": "https://registry.npmjs.org/nodemailer/-/nodemailer-6.4.15.tgz",
      "integrity": "sha512-2/z13dBTWdgTRlxVMAK6C13dCI22GEShET4+jFLlQsxpblxYhojnucfcTZO1QBu5CsHvABsBj2JCGO3vl0HSQA=="
    }
  }
}
